
Microsoft Visual Studio Solution File, Format Version 12.00
# Visual Studio Version 17
VisualStudioVersion = 17.0.31903.59
MinimumVisualStudioVersion = 10.0.40219.1
Project("{2150E333-8FDC-42A3-9474-1A3956D46DE8}") = "src", "src", "{827E0CD3-B72D-47B6-A68D-7590B98EB39B}"
EndProject
Project("{FAE04EC0-301F-11D3-BF4B-00C04F79EFBC}") = "Whiteboard.Core", "src\Whiteboard.Core\Whiteboard.Core.csproj", "{9EF484A6-4AD3-40B0-B9A6-B53D104C321D}"
EndProject
Project("{FAE04EC0-301F-11D3-BF4B-00C04F79EFBC}") = "Whiteboard.Engine", "src\Whiteboard.Engine\Whiteboard.Engine.csproj", "{19E1DE36-DB10-46C3-9B3E-D2BE2FDA40F9}"
EndProject
Project("{FAE04EC0-301F-11D3-BF4B-00C04F79EFBC}") = "Whiteboard.Renderer", "src\Whiteboard.Renderer\Whiteboard.Renderer.csproj", "{62965756-6A21-44F9-A34B-110410F624BA}"
EndProject
Project("{FAE04EC0-301F-11D3-BF4B-00C04F79EFBC}") = "Whiteboard.Export", "src\Whiteboard.Export\Whiteboard.Export.csproj", "{E9C120EA-3053-464E-854D-0AF3CBB13212}"
EndProject
Project("{FAE04EC0-301F-11D3-BF4B-00C04F79EFBC}") = "Whiteboard.Cli", "src\Whiteboard.Cli\Whiteboard.Cli.csproj", "{B7EA37E6-A57F-4F32-94B5-B1809619933B}"
EndProject
Project("{2150E333-8FDC-42A3-9474-1A3956D46DE8}") = "tests", "tests", "{0AB3BF05-4346-4AA6-1389-037BE0695223}"
EndProject
Project("{FAE04EC0-301F-11D3-BF4B-00C04F79EFBC}") = "Whiteboard.Core.Tests", "tests\Whiteboard.Core.Tests\Whiteboard.Core.Tests.csproj", "{506C552D-AB4C-4335-9CB1-92D7F2DE9B26}"
EndProject
Project("{FAE04EC0-301F-11D3-BF4B-00C04F79EFBC}") = "Whiteboard.Engine.Tests", "tests\Whiteboard.Engine.Tests\Whiteboard.Engine.Tests.csproj", "{6FBF9CB6-E604-412F-B5AA-B4C4107D6BAE}"
EndProject
Project("{FAE04EC0-301F-11D3-BF4B-00C04F79EFBC}") = "Whiteboard.Renderer.Tests", "tests\Whiteboard.Renderer.Tests\Whiteboard.Renderer.Tests.csproj", "{78500F85-E095-4051-AA72-8FE3DFC0789D}"
EndProject
Global
	GlobalSection(SolutionConfigurationPlatforms) = preSolution
		Debug|Any CPU = Debug|Any CPU
		Debug|x64 = Debug|x64
		Debug|x86 = Debug|x86
		Release|Any CPU = Release|Any CPU
		Release|x64 = Release|x64
		Release|x86 = Release|x86
	EndGlobalSection
	GlobalSection(ProjectConfigurationPlatforms) = postSolution
		{9EF484A6-4AD3-40B0-B9A6-B53D104C321D}.Debug|Any CPU.ActiveCfg = Debug|Any CPU
		{9EF484A6-4AD3-40B0-B9A6-B53D104C321D}.Debug|Any CPU.Build.0 = Debug|Any CPU
		{9EF484A6-4AD3-40B0-B9A6-B53D104C321D}.Debug|x64.ActiveCfg = Debug|Any CPU
		{9EF484A6-4AD3-40B0-B9A6-B53D104C321D}.Debug|x64.Build.0 = Debug|Any CPU
		{9EF484A6-4AD3-40B0-B9A6-B53D104C321D}.Debug|x86.ActiveCfg = Debug|Any CPU
		{9EF484A6-4AD3-40B0-B9A6-B53D104C321D}.Debug|x86.Build.0 = Debug|Any CPU
		{9EF484A6-4AD3-40B0-B9A6-B53D104C321D}.Release|Any CPU.ActiveCfg = Release|Any CPU
		{9EF484A6-4AD3-40B0-B9A6-B53D104C321D}.Release|Any CPU.Build.0 = Release|Any CPU
		{9EF484A6-4AD3-40B0-B9A6-B53D104C321D}.Release|x64.ActiveCfg = Release|Any CPU
		{9EF484A6-4AD3-40B0-B9A6-B53D104C321D}.Release|x64.Build.0 = Release|Any CPU
		{9EF484A6-4AD3-40B0-B9A6-B53D104C321D}.Release|x86.ActiveCfg = Release|Any CPU
		{9EF484A6-4AD3-40B0-B9A6-B53D104C321D}.Release|x86.Build.0 = Release|Any CPU
		{19E1DE36-DB10-46C3-9B3E-D2BE2FDA40F9}.Debug|Any CPU.ActiveCfg = Debug|Any CPU
		{19E1DE36-DB10-46C3-9B3E-D2BE2FDA40F9}.Debug|Any CPU.Build.0 = Debug|Any CPU
		{19E1DE36-DB10-46C3-9B3E-D2BE2FDA40F9}.Debug|x64.ActiveCfg = Debug|Any CPU
		{19E1DE36-DB10-46C3-9B3E-D2BE2FDA40F9}.Debug|x64.Build.0 = Debug|Any CPU
		{19E1DE36-DB10-46C3-9B3E-D2BE2FDA40F9}.Debug|x86.ActiveCfg = Debug|Any CPU
		{19E1DE36-DB10-46C3-9B3E-D2BE2FDA40F9}.Debug|x86.Build.0 = Debug|Any CPU
		{19E1DE36-DB10-46C3-9B3E-D2BE2FDA40F9}.Release|Any CPU.ActiveCfg = Release|Any CPU
		{19E1DE36-DB10-46C3-9B3E-D2BE2FDA40F9}.Release|Any CPU.Build.0 = Release|Any CPU
		{19E1DE36-DB10-46C3-9B3E-D2BE2FDA40F9}.Release|x64.ActiveCfg = Release|Any CPU
		{19E1DE36-DB10-46C3-9B3E-D2BE2FDA40F9}.Release|x64.Build.0 = Release|Any CPU
		{19E1DE36-DB10-46C3-9B3E-D2BE2FDA40F9}.Release|x86.ActiveCfg = Release|Any CPU
		{19E1DE36-DB10-46C3-9B3E-D2BE2FDA40F9}.Release|x86.Build.0 = Release|Any CPU
		{62965756-6A21-44F9-A34B-110410F624BA}.Debug|Any CPU.ActiveCfg = Debug|Any CPU
		{62965756-6A21-44F9-A34B-110410F624BA}.Debug|Any CPU.Build.0 = Debug|Any CPU
		{62965756-6A21-44F9-A34B-110410F624BA}.Debug|x64.ActiveCfg = Debug|Any CPU
		{62965756-6A21-44F9-A34B-110410F624BA}.Debug|x64.Build.0 = Debug|Any CPU
		{62965756-6A21-44F9-A34B-110410F624BA}.Debug|x86.ActiveCfg = Debug|Any CPU
		{62965756-6A21-44F9-A34B-110410F624BA}.Debug|x86.Build.0 = Debug|Any CPU
		{62965756-6A21-44F9-A34B-110410F624BA}.Release|Any CPU.ActiveCfg = Release|Any CPU
		{62965756-6A21-44F9-A34B-110410F624BA}.Release|Any CPU.Build.0 = Release|Any CPU
		{62965756-6A21-44F9-A34B-110410F624BA}.Release|x64.ActiveCfg = Release|Any CPU
		{62965756-6A21-44F9-A34B-110410F624BA}.Release|x64.Build.0 = Release|Any CPU
		{62965756-6A21-44F9-A34B-110410F624BA}.Release|x86.ActiveCfg = Release|Any CPU
		{62965756-6A21-44F9-A34B-110410F624BA}.Release|x86.Build.0 = Release|Any CPU
		{E9C120EA-3053-464E-854D-0AF3CBB13212}.Debug|Any CPU.ActiveCfg = Debug|Any CPU
		{E9C120EA-3053-464E-854D-0AF3CBB13212}.Debug|Any CPU.Build.0 = Debug|Any CPU
		{E9C120EA-3053-464E-854D-0AF3CBB13212}.Debug|x64.ActiveCfg = Debug|Any CPU
		{E9C120EA-3053-464E-854D-0AF3CBB13212}.Debug|x64.Build.0 = Debug|Any CPU
		{E9C120EA-3053-464E-854D-0AF3CBB13212}.Debug|x86.ActiveCfg = Debug|Any CPU
		{E9C120EA-3053-464E-854D-0AF3CBB13212}.Debug|x86.Build.0 = Debug|Any CPU
		{E9C120EA-3053-464E-854D-0AF3CBB13212}.Release|Any CPU.ActiveCfg = Release|Any CPU
		{E9C120EA-3053-464E-854D-0AF3CBB13212}.Release|Any CPU.Build.0 = Release|Any CPU
		{E9C120EA-3053-464E-854D-0AF3CBB13212}.Release|x64.ActiveCfg = Release|Any CPU
		{E9C120EA-3053-464E-854D-0AF3CBB13212}.Release|x64.Build.0 = Release|Any CPU
		{E9C120EA-3053-464E-854D-0AF3CBB13212}.Release|x86.ActiveCfg = Release|Any CPU
		{E9C120EA-3053-464E-854D-0AF3CBB13212}.Release|x86.Build.0 = Release|Any CPU
		{B7EA37E6-A57F-4F32-94B5-B1809619933B}.Debug|Any CPU.ActiveCfg = Debug|Any CPU
		{B7EA37E6-A57F-4F32-94B5-B1809619933B}.Debug|Any CPU.Build.0 = Debug|Any CPU
		{B7EA37E6-A57F-4F32-94B5-B1809619933B}.Debug|x64.ActiveCfg = Debug|Any CPU
		{B7EA37E6-A57F-4F32-94B5-B1809619933B}.Debug|x64.Build.0 = Debug|Any CPU
		{B7EA37E6-A57F-4F32-94B5-B1809619933B}.Debug|x86.ActiveCfg = Debug|Any CPU
		{B7EA37E6-A57F-4F32-94B5-B1809619933B}.Debug|x86.Build.0 = Debug|Any CPU
		{B7EA37E6-A57F-4F32-94B5-B1809619933B}.Release|Any CPU.ActiveCfg = Release|Any CPU
		{B7EA37E6-A57F-4F32-94B5-B1809619933B}.Release|Any CPU.Build.0 = Release|Any CPU
		{B7EA37E6-A57F-4F32-94B5-B1809619933B}.Release|x64.ActiveCfg = Release|Any CPU
		{B7EA37E6-A57F-4F32-94B5-B1809619933B}.Release|x64.Build.0 = Release|Any CPU
		{B7EA37E6-A57F-4F32-94B5-B1809619933B}.Release|x86.ActiveCfg = Release|Any CPU
		{B7EA37E6-A57F-4F32-94B5-B1809619933B}.Release|x86.Build.0 = Release|Any CPU
		{506C552D-AB4C-4335-9CB1-92D7F2DE9B26}.Debug|Any CPU.ActiveCfg = Debug|Any CPU
		{506C552D-AB4C-4335-9CB1-92D7F2DE9B26}.Debug|Any CPU.Build.0 = Debug|Any CPU
		{506C552D-AB4C-4335-9CB1-92D7F2DE9B26}.Debug|x64.ActiveCfg = Debug|Any CPU
		{506C552D-AB4C-4335-9CB1-92D7F2DE9B26}.Debug|x64.Build.0 = Debug|Any CPU
		{506C552D-AB4C-4335-9CB1-92D7F2DE9B26}.Debug|x86.ActiveCfg = Debug|Any CPU
		{506C552D-AB4C-4335-9CB1-92D7F2DE9B26}.Debug|x86.Build.0 = Debug|Any CPU
		{506C552D-AB4C-4335-9CB1-92D7F2DE9B26}.Release|Any CPU.ActiveCfg = Release|Any CPU
		{506C552D-AB4C-4335-9CB1-92D7F2DE9B26}.Release|Any CPU.Build.0 = Release|Any CPU
		{506C552D-AB4C-4335-9CB1-92D7F2DE9B26}.Release|x64.ActiveCfg = Release|Any CPU
		{506C552D-AB4C-4335-9CB1-92D7F2DE9B26}.Release|x64.Build.0 = Release|Any CPU
		{506C552D-AB4C-4335-9CB1-92D7F2DE9B26}.Release|x86.ActiveCfg = Release|Any CPU
		{506C552D-AB4C-4335-9CB1-92D7F2DE9B26}.Release|x86.Build.0 = Release|Any CPU
		{6FBF9CB6-E604-412F-B5AA-B4C4107D6BAE}.Debug|Any CPU.ActiveCfg = Debug|Any CPU
		{6FBF9CB6-E604-412F-B5AA-B4C4107D6BAE}.Debug|Any CPU.Build.0 = Debug|Any CPU
		{6FBF9CB6-E604-412F-B5AA-B4C4107D6BAE}.Debug|x64.ActiveCfg = Debug|Any CPU
		{6FBF9CB6-E604-412F-B5AA-B4C4107D6BAE}.Debug|x64.Build.0 = Debug|Any CPU
		{6FBF9CB6-E604-412F-B5AA-B4C4107D6BAE}.Debug|x86.ActiveCfg = Debug|Any CPU
		{6FBF9CB6-E604-412F-B5AA-B4C4107D6BAE}.Debug|x86.Build.0 = Debug|Any CPU
		{6FBF9CB6-E604-412F-B5AA-B4C4107D6BAE}.Release|Any CPU.ActiveCfg = Release|Any CPU
		{6FBF9CB6-E604-412F-B5AA-B4C4107D6BAE}.Release|Any CPU.Build.0 = Release|Any CPU
		{6FBF9CB6-E604-412F-B5AA-B4C4107D6BAE}.Release|x64.ActiveCfg = Release|Any CPU
		{6FBF9CB6-E604-412F-B5AA-B4C4107D6BAE}.Release|x64.Build.0 = Release|Any CPU
		{6FBF9CB6-E604-412F-B5AA-B4C4107D6BAE}.Release|x86.ActiveCfg = Release|Any CPU
		{6FBF9CB6-E604-412F-B5AA-B4C4107D6BAE}.Release|x86.Build.0 = Release|Any CPU
		{78500F85-E095-4051-AA72-8FE3DFC0789D}.Debug|Any CPU.ActiveCfg = Debug|Any CPU
		{78500F85-E095-4051-AA72-8FE3DFC0789D}.Debug|Any CPU.Build.0 = Debug|Any CPU
		{78500F85-E095-4051-AA72-8FE3DFC0789D}.Debug|x64.ActiveCfg = Debug|Any CPU
		{78500F85-E095-4051-AA72-8FE3DFC0789D}.Debug|x64.Build.0 = Debug|Any CPU
		{78500F85-E095-4051-AA72-8FE3DFC0789D}.Debug|x86.ActiveCfg = Debug|Any CPU
		{78500F85-E095-4051-AA72-8FE3DFC0789D}.Debug|x86.Build.0 = Debug|Any CPU
		{78500F85-E095-4051-AA72-8FE3DFC0789D}.Release|Any CPU.ActiveCfg = Release|Any CPU
		{78500F85-E095-4051-AA72-8FE3DFC0789D}.Release|Any CPU.Build.0 = Release|Any CPU
		{78500F85-E095-4051-AA72-8FE3DFC0789D}.Release|x64.ActiveCfg = Release|Any CPU
		{78500F85-E095-4051-AA72-8FE3DFC0789D}.Release|x64.Build.0 = Release|Any CPU
		{78500F85-E095-4051-AA72-8FE3DFC0789D}.Release|x86.ActiveCfg = Release|Any CPU
		{78500F85-E095-4051-AA72-8FE3DFC0789D}.Release|x86.Build.0 = Release|Any CPU
	EndGlobalSection
	GlobalSection(SolutionProperties) = preSolution
		HideSolutionNode = FALSE
	EndGlobalSection
	GlobalSection(NestedProjects) = preSolution
		{9EF484A6-4AD3-40B0-B9A6-B53D104C321D} = {827E0CD3-B72D-47B6-A68D-7590B98EB39B}
		{19E1DE36-DB10-46C3-9B3E-D2BE2FDA40F9} = {827E0CD3-B72D-47B6-A68D-7590B98EB39B}
		{62965756-6A21-44F9-A34B-110410F624BA} = {827E0CD3-B72D-47B6-A68D-7590B98EB39B}
		{E9C120EA-3053-464E-854D-0AF3CBB13212} = {827E0CD3-B72D-47B6-A68D-7590B98EB39B}
		{B7EA37E6-A57F-4F32-94B5-B1809619933B} = {827E0CD3-B72D-47B6-A68D-7590B98EB39B}
		{506C552D-AB4C-4335-9CB1-92D7F2DE9B26} = {0AB3BF05-4346-4AA6-1389-037BE0695223}
		{6FBF9CB6-E604-412F-B5AA-B4C4107D6BAE} = {0AB3BF05-4346-4AA6-1389-037BE0695223}
		{78500F85-E095-4051-AA72-8FE3DFC0789D} = {0AB3BF05-4346-4AA6-1389-037BE0695223}
	EndGlobalSection
EndGlobal
